
Microsoft Visual Studio Solution File, Format Version 12.00
# Visual Studio Version 17
VisualStudioVersion = 17.13.35931.197
MinimumVisualStudioVersion = 10.0.40219.1
Project("{FAE04EC0-301F-11D3-BF4B-00C04F79EFBC}") = "ModelnCoAPI", "ModelnCo\ModelnCoAPI.csproj", "{35BF01A5-0670-4CE2-8E0F-3362F09DC914}"
EndProject
Global
	GlobalSection(SolutionConfigurationPlatforms) = preSolution
		Debug|Any CPU = Debug|Any CPU
		Release|Any CPU = Release|Any CPU
	EndGlobalSection
	GlobalSection(ProjectConfigurationPlatforms) = postSolution
		{35BF01A5-0670-4CE2-8E0F-3362F09DC914}.Debug|Any CPU.ActiveCfg = Debug|Any CPU
		{35BF01A5-0670-4CE2-8E0F-3362F09DC914}.Debug|Any CPU.Build.0 = Debug|Any CPU
		{35BF01A5-0670-4CE2-8E0F-3362F09DC914}.Release|Any CPU.ActiveCfg = Release|Any CPU
		{35BF01A5-0670-4CE2-8E0F-3362F09DC914}.Release|Any CPU.Build.0 = Release|Any CPU
	EndGlobalSection
	GlobalSection(SolutionProperties) = preSolution
		HideSolutionNode = FALSE
	EndGlobalSection
	GlobalSection(ExtensibilityGlobals) = postSolution
		SolutionGuid = {2AA227B3-0505-443E-B712-9C558D448F05}
	EndGlobalSection
EndGlobal
